
Microsoft Visual Studio Solution File, Format Version 12.00
# Visual Studio Version 17
VisualStudioVersion = 17.8.34511.84
MinimumVisualStudioVersion = 10.0.40219.1
Project("{8BC9CEB8-8B4A-11D0-8D11-00A0C91BC942}") = "ShapeViewer", "ShapeViewer\ShapeViewer.vcxproj", "{6414EF11-11A5-4D2A-A88A-FAE0390B4B87}"
EndProject
Global
	GlobalSection(SolutionConfigurationPlatforms) = preSolution
		Debug|ARM64 = Debug|ARM64
		Debug|x64 = Debug|x64
		Debug|x86 = Debug|x86
		Release|ARM64 = Release|ARM64
		Release|x64 = Release|x64
		Release|x86 = Release|x86
	EndGlobalSection
	GlobalSection(ProjectConfigurationPlatforms) = postSolution
		{6414EF11-11A5-4D2A-A88A-FAE0390B4B87}.Debug|ARM64.ActiveCfg = Debug|ARM64
		{6414EF11-11A5-4D2A-A88A-FAE0390B4B87}.Debug|ARM64.Build.0 = Debug|ARM64
		{6414EF11-11A5-4D2A-A88A-FAE0390B4B87}.Debug|ARM64.Deploy.0 = Debug|ARM64
		{6414EF11-11A5-4D2A-A88A-FAE0390B4B87}.Debug|x64.ActiveCfg = Debug|x64
		{6414EF11-11A5-4D2A-A88A-FAE0390B4B87}.Debug|x64.Build.0 = Debug|x64
		{6414EF11-11A5-4D2A-A88A-FAE0390B4B87}.Debug|x64.Deploy.0 = Debug|x64
		{6414EF11-11A5-4D2A-A88A-FAE0390B4B87}.Debug|x86.ActiveCfg = Debug|Win32
		{6414EF11-11A5-4D2A-A88A-FAE0390B4B87}.Debug|x86.Build.0 = Debug|Win32
		{6414EF11-11A5-4D2A-A88A-FAE0390B4B87}.Debug|x86.Deploy.0 = Debug|Win32
		{6414EF11-11A5-4D2A-A88A-FAE0390B4B87}.Release|ARM64.ActiveCfg = Release|ARM64
		{6414EF11-11A5-4D2A-A88A-FAE0390B4B87}.Release|ARM64.Build.0 = Release|ARM64
		{6414EF11-11A5-4D2A-A88A-FAE0390B4B87}.Release|ARM64.Deploy.0 = Release|ARM64
		{6414EF11-11A5-4D2A-A88A-FAE0390B4B87}.Release|x64.ActiveCfg = Release|x64
		{6414EF11-11A5-4D2A-A88A-FAE0390B4B87}.Release|x64.Build.0 = Release|x64
		{6414EF11-11A5-4D2A-A88A-FAE0390B4B87}.Release|x64.Deploy.0 = Release|x64
		{6414EF11-11A5-4D2A-A88A-FAE0390B4B87}.Release|x86.ActiveCfg = Release|Win32
		{6414EF11-11A5-4D2A-A88A-FAE0390B4B87}.Release|x86.Build.0 = Release|Win32
		{6414EF11-11A5-4D2A-A88A-FAE0390B4B87}.Release|x86.Deploy.0 = Release|Win32
	EndGlobalSection
	GlobalSection(SolutionProperties) = preSolution
		HideSolutionNode = FALSE
	EndGlobalSection
	GlobalSection(ExtensibilityGlobals) = postSolution
		SolutionGuid = {3A4CFE50-2564-4316-B5EF-F258F20166B7}
	EndGlobalSection
EndGlobal
