<?xml version="1.0" encoding="utf-8"?>
<Project ToolsVersion="4.0" xmlns="http://schemas.microsoft.com/developer/msbuild/2003">
  <ItemGroup>
    <ApplicationDefinition Include="App.xaml" />
  </ItemGroup>
  <ItemGroup>
    <Page Include="MainWindow.xaml" />
  </ItemGroup>
  <ItemGroup>
    <Midl Include="MainWindow.idl" />
    <Midl Include="MainWindowViewModel.idl" />
    <Midl Include="BindableBase.idl">
      <Filter>Infrastructure</Filter>
    </Midl>
    <Midl Include="DelegateCommand.idl">
      <Filter>Infrastructure</Filter>
    </Midl>
  </ItemGroup>
  <ItemGroup>
    <ClCompile Include="pch.cpp" />
    <ClCompile Include="$(GeneratedFilesDir)module.g.cpp" />
    <ClCompile Include="d3dApp.cpp" />
    <ClCompile Include="d3dUtil.cpp" />
    <ClCompile Include="GameTimer.cpp" />
    <ClCompile Include="BoxApp.cpp" />
    <ClCompile Include="UploadBuffer.cpp" />
    <ClCompile Include="MeshGeometry.cpp" />
    <ClCompile Include="Light.cpp" />
    <ClCompile Include="BindableBase.cpp">
      <Filter>Infrastructure</Filter>
    </ClCompile>
    <ClCompile Include="DelegateCommand.cpp">
      <Filter>Infrastructure</Filter>
    </ClCompile>
    <ClCompile Include="Polyline.cpp">
      <Filter>Geometry</Filter>
    </ClCompile>
    <ClCompile Include="JsonHelper.cpp" />
  </ItemGroup>
  <ItemGroup>
    <ClInclude Include="pch.h" />
    <ClInclude Include="d3dApp.h" />
    <ClInclude Include="d3dUtil.h" />
    <ClInclude Include="d3dx12.h" />
    <ClInclude Include="GameTimer.h" />
    <ClInclude Include="BoxApp.h" />
    <ClInclude Include="MathHelper.h" />
    <ClInclude Include="UploadBuffer.h" />
    <ClInclude Include="MeshGeometry.h" />
    <ClInclude Include="CommonStructure.h" />
    <ClInclude Include="Light.h" />
    <ClInclude Include="BindableBase.h">
      <Filter>Infrastructure</Filter>
    </ClInclude>
    <ClInclude Include="DelegateCommand.h">
      <Filter>Infrastructure</Filter>
    </ClInclude>
    <ClInclude Include="Polyline.h">
      <Filter>Geometry</Filter>
    </ClInclude>
    <ClInclude Include="JsonHelper.h" />
  </ItemGroup>
  <ItemGroup>
    <Image Include="Assets\Wide310x150Logo.scale-200.png">
      <Filter>Assets</Filter>
    </Image>
    <Image Include="Assets\StoreLogo.png">
      <Filter>Assets</Filter>
    </Image>
    <Image Include="Assets\Square150x150Logo.scale-200.png">
      <Filter>Assets</Filter>
    </Image>
    <Image Include="Assets\Square44x44Logo.targetsize-24_altform-unplated.png">
      <Filter>Assets</Filter>
    </Image>
    <Image Include="Assets\Square44x44Logo.scale-200.png">
      <Filter>Assets</Filter>
    </Image>
    <Image Include="Assets\SplashScreen.scale-200.png">
      <Filter>Assets</Filter>
    </Image>
    <Image Include="Assets\LockScreenLogo.scale-200.png">
      <Filter>Assets</Filter>
    </Image>
  </ItemGroup>
  <ItemGroup>
    <Filter Include="Assets">
      <UniqueIdentifier>{6414ef11-11a5-4d2a-a88a-fae0390b4b87}</UniqueIdentifier>
    </Filter>
    <Filter Include="ViewModel">
      <UniqueIdentifier>{528a8da5-2ef9-4825-8e79-69b698ae7808}</UniqueIdentifier>
    </Filter>
    <Filter Include="Infrastructure">
      <UniqueIdentifier>{4e76797e-27ba-4703-bdc5-d343db6ea387}</UniqueIdentifier>
    </Filter>
    <Filter Include="Geometry">
      <UniqueIdentifier>{16e2c624-e6fc-4916-87f2-4e4b6b0ac7c8}</UniqueIdentifier>
    </Filter>
  </ItemGroup>
  <ItemGroup>
    <Text Include="readme.txt" />
  </ItemGroup>
  <ItemGroup>
    <Manifest Include="app.manifest" />
  </ItemGroup>
  <ItemGroup>
    <AppxManifest Include="Package.appxmanifest" />
  </ItemGroup>
  <ItemGroup>
    <None Include="packages.config" />
  </ItemGroup>
  <ItemGroup>
    <Natvis Include="$(MSBuildThisFileDirectory)..\..\natvis\wil.natvis" />
  </ItemGroup>
</Project>