<?xml version="1.0" encoding="utf-8"?>
<Project ToolsVersion="4.0" xmlns="http://schemas.microsoft.com/developer/msbuild/2003">
  <ItemGroup>
    <ApplicationDefinition Include="App.xaml" />
  </ItemGroup>
  <ItemGroup>
    <Page Include="MainWindow.xaml" />
  </ItemGroup>
  <ItemGroup>
    <Midl Include="MainWindow.idl" />
    <Midl Include="MainWindowViewModel.idl" />
    <Midl Include="BindableBase.idl">
      <Filter>Infrastructure</Filter>
    </Midl>
    <Midl Include="DelegateCommand.idl">
      <Filter>Infrastructure</Filter>
    </Midl>
  </ItemGroup>
  <ItemGroup>
    <ClCompile Include="pch.cpp" />
    <ClCompile Include="$(GeneratedFilesDir)module.g.cpp" />
    <ClCompile Include="d3dApp.cpp" />
    <ClCompile Include="d3dUtil.cpp" />
    <ClCompile Include="GameTimer.cpp" />
    <ClCompile Include="BoxApp.cpp" />
    <ClCompile Include="UploadBuffer.cpp" />
    <ClCompile Include="MeshGeometry.cpp" />
    <ClCompile Include="Light.cpp" />
    <ClCompile Include="BindableBase.cpp">
      <Filter>Infrastructure</Filter>
    </ClCompile>
    <ClCompile Include="DelegateCommand.cpp">
      <Filter>Infrastructure</Filter>
    </ClCompile>
    <ClCompile Include="Polyline.cpp">
      <Filter>Geometry</Filter>
    </ClCompile>
    <ClCompile Include="JsonHelper.cpp" />
    <ClCompile Include="Geometry.cpp">
      <Filter>Geometry</Filter>
    </ClCompile>
    <ClCompile Include="Circle.cpp">
      <Filter>Geometry</Filter>
    </ClCompile>
    <ClCompile Include="Rect.cpp">
      <Filter>Geometry</Filter>
    </ClCompile>
    <ClCompile Include="Ellipse.cpp">
      <Filter>Geometry</Filter>
    </ClCompile>
    <ClCompile Include="LineSegment.cpp">
      <Filter>Geometry</Filter>
    </ClCompile>
    <ClCompile Include="Polygon.cpp">
      <Filter>Geometry</Filter>
    </ClCompile>
    <ClCompile Include="Point.cpp">
      <Filter>Geometry</Filter>
    </ClCompile>
    <ClCompile Include="MathTool.cpp" />
    <ClCompile Include="Vis.cpp">
      <Filter>Vis</Filter>
    </ClCompile>
    <ClCompile Include="VisPolygon.cpp">
      <Filter>Vis</Filter>
    </ClCompile>
    <ClCompile Include="Display.cpp">
      <Filter>D2D</Filter>
    </ClCompile>
    <ClCompile Include="Overlay.cpp">
      <Filter>D2D</Filter>
    </ClCompile>
    <ClCompile Include="ROIPolygon.cpp">
      <Filter>ROI</Filter>
    </ClCompile>
    <ClCompile Include="ROI.cpp">
      <Filter>ROI</Filter>
    </ClCompile>
    <ClCompile Include="D2DWrapper.cpp">
      <Filter>D2D</Filter>
    </ClCompile>
    <ClCompile Include="VisPolyline.cpp">
      <Filter>Vis</Filter>
    </ClCompile>
    <ClCompile Include="ROIPolyline.cpp">
      <Filter>ROI</Filter>
    </ClCompile>
    <ClCompile Include="VisRect.cpp">
      <Filter>Vis</Filter>
    </ClCompile>
    <ClCompile Include="ROIRect.cpp">
      <Filter>ROI</Filter>
    </ClCompile>
    <ClCompile Include="VisText.cpp">
      <Filter>Vis</Filter>
    </ClCompile>
    <ClCompile Include="VisCircle.cpp">
      <Filter>Vis</Filter>
    </ClCompile>
    <ClCompile Include="VisEllipse.cpp">
      <Filter>Vis</Filter>
    </ClCompile>
    <ClCompile Include="ROICircle.cpp">
      <Filter>ROI</Filter>
    </ClCompile>
    <ClCompile Include="ROIEllipse.cpp">
      <Filter>ROI</Filter>
    </ClCompile>
    <ClCompile Include="VisPoint.cpp">
      <Filter>Vis</Filter>
    </ClCompile>
    <ClCompile Include="ROIPoint.cpp">
      <Filter>ROI</Filter>
    </ClCompile>
  </ItemGroup>
  <ItemGroup>
    <ClInclude Include="pch.h" />
    <ClInclude Include="d3dApp.h" />
    <ClInclude Include="d3dUtil.h" />
    <ClInclude Include="d3dx12.h" />
    <ClInclude Include="GameTimer.h" />
    <ClInclude Include="BoxApp.h" />
    <ClInclude Include="MathHelper.h" />
    <ClInclude Include="UploadBuffer.h" />
    <ClInclude Include="MeshGeometry.h" />
    <ClInclude Include="CommonStructure.h" />
    <ClInclude Include="Light.h" />
    <ClInclude Include="BindableBase.h">
      <Filter>Infrastructure</Filter>
    </ClInclude>
    <ClInclude Include="DelegateCommand.h">
      <Filter>Infrastructure</Filter>
    </ClInclude>
    <ClInclude Include="Polyline.h">
      <Filter>Geometry</Filter>
    </ClInclude>
    <ClInclude Include="JsonHelper.h" />
    <ClInclude Include="Geometry.h">
      <Filter>Geometry</Filter>
    </ClInclude>
    <ClInclude Include="Circle.h">
      <Filter>Geometry</Filter>
    </ClInclude>
    <ClInclude Include="Rect.h">
      <Filter>Geometry</Filter>
    </ClInclude>
    <ClInclude Include="Ellipse.h">
      <Filter>Geometry</Filter>
    </ClInclude>
    <ClInclude Include="LineSegment.h">
      <Filter>Geometry</Filter>
    </ClInclude>
    <ClInclude Include="Polygon.h">
      <Filter>Geometry</Filter>
    </ClInclude>
    <ClInclude Include="Point.h">
      <Filter>Geometry</Filter>
    </ClInclude>
    <ClInclude Include="MathTool.h" />
    <ClInclude Include="Vis.h">
      <Filter>Vis</Filter>
    </ClInclude>
    <ClInclude Include="VisPolygon.h">
      <Filter>Vis</Filter>
    </ClInclude>
    <ClInclude Include="Display.h">
      <Filter>D2D</Filter>
    </ClInclude>
    <ClInclude Include="Overlay.h">
      <Filter>D2D</Filter>
    </ClInclude>
    <ClInclude Include="ROIPolygon.h">
      <Filter>ROI</Filter>
    </ClInclude>
    <ClInclude Include="ROI.h">
      <Filter>ROI</Filter>
    </ClInclude>
    <ClInclude Include="D2DWrapper.h">
      <Filter>D2D</Filter>
    </ClInclude>
    <ClInclude Include="VisPolyline.h">
      <Filter>Vis</Filter>
    </ClInclude>
    <ClInclude Include="ROIPolyline.h">
      <Filter>ROI</Filter>
    </ClInclude>
    <ClInclude Include="VisRect.h">
      <Filter>Vis</Filter>
    </ClInclude>
    <ClInclude Include="ROIRect.h">
      <Filter>ROI</Filter>
    </ClInclude>
    <ClInclude Include="VisText.h">
      <Filter>Vis</Filter>
    </ClInclude>
    <ClInclude Include="VisCircle.h">
      <Filter>Vis</Filter>
    </ClInclude>
    <ClInclude Include="VisEllipse.h">
      <Filter>Vis</Filter>
    </ClInclude>
    <ClInclude Include="ROICircle.h">
      <Filter>ROI</Filter>
    </ClInclude>
    <ClInclude Include="ROIEllipse.h">
      <Filter>ROI</Filter>
    </ClInclude>
    <ClInclude Include="VisPoint.h">
      <Filter>Vis</Filter>
    </ClInclude>
    <ClInclude Include="ROIPoint.h">
      <Filter>ROI</Filter>
    </ClInclude>
    <ClInclude Include="TemplateHelper.hpp">
      <Filter>Infrastructure</Filter>
    </ClInclude>
  </ItemGroup>
  <ItemGroup>
    <Image Include="Assets\Wide310x150Logo.scale-200.png">
      <Filter>Assets</Filter>
    </Image>
    <Image Include="Assets\StoreLogo.png">
      <Filter>Assets</Filter>
    </Image>
    <Image Include="Assets\Square150x150Logo.scale-200.png">
      <Filter>Assets</Filter>
    </Image>
    <Image Include="Assets\Square44x44Logo.targetsize-24_altform-unplated.png">
      <Filter>Assets</Filter>
    </Image>
    <Image Include="Assets\Square44x44Logo.scale-200.png">
      <Filter>Assets</Filter>
    </Image>
    <Image Include="Assets\SplashScreen.scale-200.png">
      <Filter>Assets</Filter>
    </Image>
    <Image Include="Assets\LockScreenLogo.scale-200.png">
      <Filter>Assets</Filter>
    </Image>
  </ItemGroup>
  <ItemGroup>
    <Filter Include="Assets">
      <UniqueIdentifier>{6414ef11-11a5-4d2a-a88a-fae0390b4b87}</UniqueIdentifier>
    </Filter>
    <Filter Include="ViewModel">
      <UniqueIdentifier>{528a8da5-2ef9-4825-8e79-69b698ae7808}</UniqueIdentifier>
    </Filter>
    <Filter Include="Infrastructure">
      <UniqueIdentifier>{4e76797e-27ba-4703-bdc5-d343db6ea387}</UniqueIdentifier>
    </Filter>
    <Filter Include="Geometry">
      <UniqueIdentifier>{16e2c624-e6fc-4916-87f2-4e4b6b0ac7c8}</UniqueIdentifier>
    </Filter>
    <Filter Include="ROI">
      <UniqueIdentifier>{8c5e216b-9bde-4e40-849d-4e0a3f861029}</UniqueIdentifier>
    </Filter>
    <Filter Include="Vis">
      <UniqueIdentifier>{fc44d5d7-1b67-4ba3-9fd1-2a061c450f28}</UniqueIdentifier>
    </Filter>
    <Filter Include="D2D">
      <UniqueIdentifier>{b3ecf3f0-5f0c-4a8e-b774-d8183d238318}</UniqueIdentifier>
    </Filter>
  </ItemGroup>
  <ItemGroup>
    <Text Include="readme.txt" />
  </ItemGroup>
  <ItemGroup>
    <Manifest Include="app.manifest" />
  </ItemGroup>
  <ItemGroup>
    <AppxManifest Include="Package.appxmanifest" />
  </ItemGroup>
  <ItemGroup>
    <None Include="packages.config" />
  </ItemGroup>
  <ItemGroup>
    <Natvis Include="$(MSBuildThisFileDirectory)..\..\natvis\wil.natvis" />
  </ItemGroup>
</Project>